// !$*UTF8*$!
{
	archiveVersion = 1;
	classes = {
	};
	objectVersion = 46;
	objects = {

/* Begin PBXBuildFile section */
		201DDE0F1BFD059000F8F611 /* AppDelegate.swift in Sources */ = {isa = PBXBuildFile; fileRef = 201DDE0E1BFD059000F8F611 /* AppDelegate.swift */; };
		201DDE111BFD059000F8F611 /* MemeEditorViewController.swift in Sources */ = {isa = PBXBuildFile; fileRef = 201DDE101BFD059000F8F611 /* MemeEditorViewController.swift */; };
		201DDE141BFD059000F8F611 /* Main.storyboard in Resources */ = {isa = PBXBuildFile; fileRef = 201DDE121BFD059000F8F611 /* Main.storyboard */; };
		201DDE161BFD059000F8F611 /* Assets.xcassets in Resources */ = {isa = PBXBuildFile; fileRef = 201DDE151BFD059000F8F611 /* Assets.xcassets */; };
		201DDE191BFD059000F8F611 /* LaunchScreen.storyboard in Resources */ = {isa = PBXBuildFile; fileRef = 201DDE171BFD059000F8F611 /* LaunchScreen.storyboard */; };
		201DDE211BFD39DA00F8F611 /* Meme.swift in Sources */ = {isa = PBXBuildFile; fileRef = 201DDE201BFD39D900F8F611 /* Meme.swift */; };
		20A0030D1C10EA500062F8F0 /* MemeCollectionViewController.swift in Sources */ = {isa = PBXBuildFile; fileRef = 20A0030C1C10EA500062F8F0 /* MemeCollectionViewController.swift */; };
		20A0030F1C10EA5B0062F8F0 /* MemeTableViewController.swift in Sources */ = {isa = PBXBuildFile; fileRef = 20A0030E1C10EA5B0062F8F0 /* MemeTableViewController.swift */; };
		20A003111C10EF480062F8F0 /* MemeCollectionViewCell.swift in Sources */ = {isa = PBXBuildFile; fileRef = 20A003101C10EF480062F8F0 /* MemeCollectionViewCell.swift */; };
/* End PBXBuildFile section */

/* Begin PBXFileReference section */
		201DDE0B1BFD059000F8F611 /* MemeMe.app */ = {isa = PBXFileReference; explicitFileType = wrapper.application; includeInIndex = 0; path = MemeMe.app; sourceTree = BUILT_PRODUCTS_DIR; };
		201DDE0E1BFD059000F8F611 /* AppDelegate.swift */ = {isa = PBXFileReference; lastKnownFileType = sourcecode.swift; path = AppDelegate.swift; sourceTree = "<group>"; };
		201DDE101BFD059000F8F611 /* MemeEditorViewController.swift */ = {isa = PBXFileReference; lastKnownFileType = sourcecode.swift; path = MemeEditorViewController.swift; sourceTree = "<group>"; };
		201DDE131BFD059000F8F611 /* Base */ = {isa = PBXFileReference; lastKnownFileType = file.storyboard; name = Base; path = Base.lproj/Main.storyboard; sourceTree = "<group>"; };
		201DDE151BFD059000F8F611 /* Assets.xcassets */ = {isa = PBXFileReference; lastKnownFileType = folder.assetcatalog; path = Assets.xcassets; sourceTree = "<group>"; };
		201DDE181BFD059000F8F611 /* Base */ = {isa = PBXFileReference; lastKnownFileType = file.storyboard; name = Base; path = Base.lproj/LaunchScreen.storyboard; sourceTree = "<group>"; };
		201DDE1A1BFD059000F8F611 /* Info.plist */ = {isa = PBXFileReference; lastKnownFileType = text.plist.xml; path = Info.plist; sourceTree = "<group>"; };
		201DDE201BFD39D900F8F611 /* Meme.swift */ = {isa = PBXFileReference; fileEncoding = 4; lastKnownFileType = sourcecode.swift; path = Meme.swift; sourceTree = "<group>"; };
		20A0030C1C10EA500062F8F0 /* MemeCollectionViewController.swift */ = {isa = PBXFileReference; fileEncoding = 4; lastKnownFileType = sourcecode.swift; path = MemeCollectionViewController.swift; sourceTree = "<group>"; };
		20A0030E1C10EA5B0062F8F0 /* MemeTableViewController.swift */ = {isa = PBXFileReference; fileEncoding = 4; lastKnownFileType = sourcecode.swift; path = MemeTableViewController.swift; sourceTree = "<group>"; };
		20A003101C10EF480062F8F0 /* MemeCollectionViewCell.swift */ = {isa = PBXFileReference; fileEncoding = 4; lastKnownFileType = sourcecode.swift; path = MemeCollectionViewCell.swift; sourceTree = "<group>"; };
/* End PBXFileReference section */

/* Begin PBXFrameworksBuildPhase section */
		201DDE081BFD059000F8F611 /* Frameworks */ = {
			isa = PBXFrameworksBuildPhase;
			buildActionMask = 2147483647;
			files = (
			);
			runOnlyForDeploymentPostprocessing = 0;
		};
/* End PBXFrameworksBuildPhase section */

/* Begin PBXGroup section */
		201DDE021BFD058F00F8F611 = {
			isa = PBXGroup;
			children = (
				201DDE0D1BFD059000F8F611 /* MemeMe */,
				201DDE0C1BFD059000F8F611 /* Products */,
			);
			sourceTree = "<group>";
		};
		201DDE0C1BFD059000F8F611 /* Products */ = {
			isa = PBXGroup;
			children = (
				201DDE0B1BFD059000F8F611 /* MemeMe.app */,
			);
			name = Products;
			sourceTree = "<group>";
		};
		201DDE0D1BFD059000F8F611 /* MemeMe */ = {
			isa = PBXGroup;
			children = (
				201DDE0E1BFD059000F8F611 /* AppDelegate.swift */,
				201DDE101BFD059000F8F611 /* MemeEditorViewController.swift */,
				20A0030C1C10EA500062F8F0 /* MemeCollectionViewController.swift */,
				20A003101C10EF480062F8F0 /* MemeCollectionViewCell.swift */,
				20A0030E1C10EA5B0062F8F0 /* MemeTableViewController.swift */,
				201DDE201BFD39D900F8F611 /* Meme.swift */,
				201DDE121BFD059000F8F611 /* Main.storyboard */,
				201DDE151BFD059000F8F611 /* Assets.xcassets */,
				201DDE171BFD059000F8F611 /* LaunchScreen.storyboard */,
				201DDE1A1BFD059000F8F611 /* Info.plist */,
			);
			path = MemeMe;
			sourceTree = "<group>";
		};
/* End PBXGroup section */

/* Begin PBXNativeTarget section */
		201DDE0A1BFD059000F8F611 /* MemeMe */ = {
			isa = PBXNativeTarget;
			buildConfigurationList = 201DDE1D1BFD059000F8F611 /* Build configuration list for PBXNativeTarget "MemeMe" */;
			buildPhases = (
				201DDE071BFD059000F8F611 /* Sources */,
				201DDE081BFD059000F8F611 /* Frameworks */,
				201DDE091BFD059000F8F611 /* Resources */,
			);
			buildRules = (
			);
			dependencies = (
			);
			name = MemeMe;
			productName = MemeMeTestApp;
			productReference = 201DDE0B1BFD059000F8F611 /* MemeMe.app */;
			productType = "com.apple.product-type.application";
		};
/* End PBXNativeTarget section */

/* Begin PBXProject section */
		201DDE031BFD058F00F8F611 /* Project object */ = {
			isa = PBXProject;
			attributes = {
				LastSwiftUpdateCheck = 0710;
				LastUpgradeCheck = 0710;
				ORGANIZATIONNAME = "Evan Hurst";
				TargetAttributes = {
					201DDE0A1BFD059000F8F611 = {
						CreatedOnToolsVersion = 7.1.1;
					};
				};
			};
			buildConfigurationList = 201DDE061BFD058F00F8F611 /* Build configuration list for PBXProject "MemeMe" */;
			compatibilityVersion = "Xcode 3.2";
			developmentRegion = English;
			hasScannedForEncodings = 0;
			knownRegions = (
				en,
				Base,
			);
			mainGroup = 201DDE021BFD058F00F8F611;
			productRefGroup = 201DDE0C1BFD059000F8F611 /* Products */;
			projectDirPath = "";
			projectRoot = "";
			targets = (
				201DDE0A1BFD059000F8F611 /* MemeMe */,
			);
		};
/* End PBXProject section */

/* Begin PBXResourcesBuildPhase section */
		201DDE091BFD059000F8F611 /* Resources */ = {
			isa = PBXResourcesBuildPhase;
			buildActionMask = 2147483647;
			files = (
				201DDE191BFD059000F8F611 /* LaunchScreen.storyboard in Resources */,
				201DDE161BFD059000F8F611 /* Assets.xcassets in Resources */,
				201DDE141BFD059000F8F611 /* Main.storyboard in Resources */,
			);
			runOnlyForDeploymentPostprocessing = 0;
		};
/* End PBXResourcesBuildPhase section */

/* Begin PBXSourcesBuildPhase section */
		201DDE071BFD059000F8F611 /* Sources */ = {
			isa = PBXSourcesBuildPhase;
			buildActionMask = 2147483647;
			files = (
				20A003111C10EF480062F8F0 /* MemeCollectionViewCell.swift in Sources */,
				20A0030D1C10EA500062F8F0 /* MemeCollectionViewController.swift in Sources */,
				201DDE211BFD39DA00F8F611 /* Meme.swift in Sources */,
				201DDE111BFD059000F8F611 /* MemeEditorViewController.swift in Sources */,
				20A0030F1C10EA5B0062F8F0 /* MemeTableViewController.swift in Sources */,
				201DDE0F1BFD059000F8F611 /* AppDelegate.swift in Sources */,
			);
			runOnlyForDeploymentPostprocessing = 0;
		};
/* End PBXSourcesBuildPhase section */

/* Begin PBXVariantGroup section */
		201DDE121BFD059000F8F611 /* Main.storyboard */ = {
			isa = PBXVariantGroup;
			children = (
				201DDE131BFD059000F8F611 /* Base */,
			);
			name = Main.storyboard;
			sourceTree = "<group>";
		};
		201DDE171BFD059000F8F611 /* LaunchScreen.storyboard */ = {
			isa = PBXVariantGroup;
			children = (
				201DDE181BFD059000F8F611 /* Base */,
			);
			name = LaunchScreen.storyboard;
			sourceTree = "<group>";
		};
/* End PBXVariantGroup section */

/* Begin XCBuildConfiguration section */
		201DDE1B1BFD059000F8F611 /* Debug */ = {
			isa = XCBuildConfiguration;
			buildSettings = {
				ALWAYS_SEARCH_USER_PATHS = NO;
				CLANG_CXX_LANGUAGE_STANDARD = "gnu++0x";
				CLANG_CXX_LIBRARY = "libc++";
				CLANG_ENABLE_MODULES = YES;
				CLANG_ENABLE_OBJC_ARC = YES;
				CLANG_WARN_BOOL_CONVERSION = YES;
				CLANG_WARN_CONSTANT_CONVERSION = YES;
				CLANG_WARN_DIRECT_OBJC_ISA_USAGE = YES_ERROR;
				CLANG_WARN_EMPTY_BODY = YES;
				CLANG_WARN_ENUM_CONVERSION = YES;
				CLANG_WARN_INT_CONVERSION = YES;
				CLANG_WARN_OBJC_ROOT_CLASS = YES_ERROR;
				CLANG_WARN_UNREACHABLE_CODE = YES;
				CLANG_WARN__DUPLICATE_METHOD_MATCH = YES;
				"CODE_SIGN_IDENTITY[sdk=iphoneos*]" = "iPhone Developer";
				COPY_PHASE_STRIP = NO;
				DEBUG_INFORMATION_FORMAT = dwarf;
				ENABLE_STRICT_OBJC_MSGSEND = YES;
				ENABLE_TESTABILITY = YES;
				GCC_C_LANGUAGE_STANDARD = gnu99;
				GCC_DYNAMIC_NO_PIC = NO;
				GCC_NO_COMMON_BLOCKS = YES;
				GCC_OPTIMIZATION_LEVEL = 0;
				GCC_PREPROCESSOR_DEFINITIONS = (
					"DEBUG=1",
					"$(inherited)",
				);
				GCC_WARN_64_TO_32_BIT_CONVERSION = YES;
				GCC_WARN_ABOUT_RETURN_TYPE = YES_ERROR;
				GCC_WARN_UNDECLARED_SELECTOR = YES;
				GCC_WARN_UNINITIALIZED_AUTOS = YES_AGGRESSIVE;
				GCC_WARN_UNUSED_FUNCTION = YES;
				GCC_WARN_UNUSED_VARIABLE = YES;
				IPHONEOS_DEPLOYMENT_TARGET = 9.1;
				MTL_ENABLE_DEBUG_INFO = YES;
				ONLY_ACTIVE_ARCH = YES;
				SDKROOT = iphoneos;
				SWIFT_OPTIMIZATION_LEVEL = "-Onone";
			};
			name = Debug;
		};
		201DDE1C1BFD059000F8F611 /* Release */ = {
			isa = XCBuildConfiguration;
			buildSettings = {
				ALWAYS_SEARCH_USER_PATHS = NO;
				CLANG_CXX_LANGUAGE_STANDARD = "gnu++0x";
				CLANG_CXX_LIBRARY = "libc++";
				CLANG_ENABLE_MODULES = YES;
				CLANG_ENABLE_OBJC_ARC = YES;
				CLANG_WARN_BOOL_CONVERSION = YES;
				CLANG_WARN_CONSTANT_CONVERSION = YES;
				CLANG_WARN_DIRECT_OBJC_ISA_USAGE = YES_ERROR;
				CLANG_WARN_EMPTY_BODY = YES;
				CLANG_WARN_ENUM_CONVERSION = YES;
				CLANG_WARN_INT_CONVERSION = YES;
				CLANG_WARN_OBJC_ROOT_CLASS = YES_ERROR;
				CLANG_WARN_UNREACHABLE_CODE = YES;
				CLANG_WARN__DUPLICATE_METHOD_MATCH = YES;
				"CODE_SIGN_IDENTITY[sdk=iphoneos*]" = "iPhone Developer";
				COPY_PHASE_STRIP = NO;
				DEBUG_INFORMATION_FORMAT = "dwarf-with-dsym";
				ENABLE_NS_ASSERTIONS = NO;
				ENABLE_STRICT_OBJC_MSGSEND = YES;
				GCC_C_LANGUAGE_STANDARD = gnu99;
				GCC_NO_COMMON_BLOCKS = YES;
				GCC_WARN_64_TO_32_BIT_CONVERSION = YES;
				GCC_WARN_ABOUT_RETURN_TYPE = YES_ERROR;
				GCC_WARN_UNDECLARED_SELECTOR = YES;
				GCC_WARN_UNINITIALIZED_AUTOS = YES_AGGRESSIVE;
				GCC_WARN_UNUSED_FUNCTION = YES;
				GCC_WARN_UNUSED_VARIABLE = YES;
				IPHONEOS_DEPLOYMENT_TARGET = 9.1;
				MTL_ENABLE_DEBUG_INFO = NO;
				SDKROOT = iphoneos;
				VALIDATE_PRODUCT = YES;
			};
			name = Release;
		};
		201DDE1E1BFD059000F8F611 /* Debug */ = {
			isa = XCBuildConfiguration;
			buildSettings = {
				ASSETCATALOG_COMPILER_APPICON_NAME = AppIcon;
				INFOPLIST_FILE = MemeMe/Info.plist;
				LD_RUNPATH_SEARCH_PATHS = "$(inherited) @executable_path/Frameworks";
				PRODUCT_BUNDLE_IDENTIFIER = com.evanhurst.MemeMe;
				PRODUCT_NAME = MemeMe;
			};
			name = Debug;
		};
		201DDE1F1BFD059000F8F611 /* Release */ = {
			isa = XCBuildConfiguration;
			buildSettings = {
				ASSETCATALOG_COMPILER_APPICON_NAME = AppIcon;
				INFOPLIST_FILE = MemeMe/Info.plist;
				LD_RUNPATH_SEARCH_PATHS = "$(inherited) @executable_path/Frameworks";
				PRODUCT_BUNDLE_IDENTIFIER = com.evanhurst.MemeMe;
				PRODUCT_NAME = MemeMe;
			};
			name = Release;
		};
/* End XCBuildConfiguration section */

/* Begin XCConfigurationList section */
		201DDE061BFD058F00F8F611 /* Build configuration list for PBXProject "MemeMe" */ = {
			isa = XCConfigurationList;
			buildConfigurations = (
				201DDE1B1BFD059000F8F611 /* Debug */,
				201DDE1C1BFD059000F8F611 /* Release */,
			);
			defaultConfigurationIsVisible = 0;
			defaultConfigurationName = Release;
		};
		201DDE1D1BFD059000F8F611 /* Build configuration list for PBXNativeTarget "MemeMe" */ = {
			isa = XCConfigurationList;
			buildConfigurations = (
				201DDE1E1BFD059000F8F611 /* Debug */,
				201DDE1F1BFD059000F8F611 /* Release */,
			);
			defaultConfigurationIsVisible = 0;
			defaultConfigurationName = Release;
		};
/* End XCConfigurationList section */
	};
	rootObject = 201DDE031BFD058F00F8F611 /* Project object */;
}
